
Microsoft Visual Studio Solution File, Format Version 12.00
# Visual Studio Version 17
VisualStudioVersion = 17.7.34221.43
MinimumVisualStudioVersion = 10.0.40219.1
Project("{FAE04EC0-301F-11D3-BF4B-00C04F79EFBC}") = "project2", "project2.csproj", "{450EC688-E277-44AD-A8ED-3EFB5F5C0800}"
EndProject
Global
	GlobalSection(SolutionConfigurationPlatforms) = preSolution
		Debug|Any CPU = Debug|Any CPU
		Release|Any CPU = Release|Any CPU
	EndGlobalSection
	GlobalSection(ProjectConfigurationPlatforms) = postSolution
		{450EC688-E277-44AD-A8ED-3EFB5F5C0800}.Debug|Any CPU.ActiveCfg = Debug|Any CPU
		{450EC688-E277-44AD-A8ED-3EFB5F5C0800}.Debug|Any CPU.Build.0 = Debug|Any CPU
		{450EC688-E277-44AD-A8ED-3EFB5F5C0800}.Release|Any CPU.ActiveCfg = Release|Any CPU
		{450EC688-E277-44AD-A8ED-3EFB5F5C0800}.Release|Any CPU.Build.0 = Release|Any CPU
	EndGlobalSection
	GlobalSection(SolutionProperties) = preSolution
		HideSolutionNode = FALSE
	EndGlobalSection
	GlobalSection(ExtensibilityGlobals) = postSolution
		SolutionGuid = {99DF2A63-59C2-4408-8DE2-A6DD8F2CEBA6}
	EndGlobalSection
EndGlobal
